# THIS IS AN AUTOGENERATED FILE. DO NOT EDIT THIS FILE DIRECTLY.
# yarn lockfile v1


"@babel/code-frame@^7.0.0":
  version "7.0.0"
  resolved "https://registry.yarnpkg.com/@babel/code-frame/-/code-frame-7.0.0.tgz#06e2ab19bdb535385559aabb5ba59729482800f8"
  dependencies:
    "@babel/highlight" "^7.0.0"

"@babel/generator@^7.4.4":
  version "7.4.4"
  resolved "https://registry.yarnpkg.com/@babel/generator/-/generator-7.4.4.tgz#174a215eb843fc392c7edcaabeaa873de6e8f041"
  dependencies:
    "@babel/types" "^7.4.4"
    jsesc "^2.5.1"
    lodash "^4.17.11"
    source-map "^0.5.0"
    trim-right "^1.0.1"

"@babel/helper-function-name@^7.1.0":
  version "7.1.0"
  resolved "https://registry.yarnpkg.com/@babel/helper-function-name/-/helper-function-name-7.1.0.tgz#a0ceb01685f73355d4360c1247f582bfafc8ff53"
  dependencies:
    "@babel/helper-get-function-arity" "^7.0.0"
    "@babel/template" "^7.1.0"
    "@babel/types" "^7.0.0"

"@babel/helper-get-function-arity@^7.0.0":
  version "7.0.0"
  resolved "https://registry.yarnpkg.com/@babel/helper-get-function-arity/-/helper-get-function-arity-7.0.0.tgz#83572d4320e2a4657263734113c42868b64e49c3"
  dependencies:
    "@babel/types" "^7.0.0"

"@babel/helper-split-export-declaration@^7.4.4":
  version "7.4.4"
  resolved "https://registry.yarnpkg.com/@babel/helper-split-export-declaration/-/helper-split-export-declaration-7.4.4.tgz#ff94894a340be78f53f06af038b205c49d993677"
  dependencies:
    "@babel/types" "^7.4.4"

"@babel/highlight@^7.0.0":
  version "7.0.0"
  resolved "https://registry.yarnpkg.com/@babel/highlight/-/highlight-7.0.0.tgz#f710c38c8d458e6dd9a201afb637fcb781ce99e4"
  dependencies:
    chalk "^2.0.0"
    esutils "^2.0.2"
    js-tokens "^4.0.0"

"@babel/parser@^7.0.0", "@babel/parser@^7.4.4", "@babel/parser@^7.4.5":
  version "7.4.5"
  resolved "https://registry.yarnpkg.com/@babel/parser/-/parser-7.4.5.tgz#04af8d5d5a2b044a2a1bffacc1e5e6673544e872"

"@babel/template@^7.1.0":
  version "7.4.4"
  resolved "https://registry.yarnpkg.com/@babel/template/-/template-7.4.4.tgz#f4b88d1225689a08f5bc3a17483545be9e4ed237"
  dependencies:
    "@babel/code-frame" "^7.0.0"
    "@babel/parser" "^7.4.4"
    "@babel/types" "^7.4.4"

"@babel/traverse@^7.0.0":
  version "7.4.5"
  resolved "https://registry.yarnpkg.com/@babel/traverse/-/traverse-7.4.5.tgz#4e92d1728fd2f1897dafdd321efbff92156c3216"
  dependencies:
    "@babel/code-frame" "^7.0.0"
    "@babel/generator" "^7.4.4"
    "@babel/helper-function-name" "^7.1.0"
    "@babel/helper-split-export-declaration" "^7.4.4"
    "@babel/parser" "^7.4.5"
    "@babel/types" "^7.4.4"
    debug "^4.1.0"
    globals "^11.1.0"
    lodash "^4.17.11"

"@babel/types@^7.0.0", "@babel/types@^7.4.4":
  version "7.4.4"
  resolved "https://registry.yarnpkg.com/@babel/types/-/types-7.4.4.tgz#8db9e9a629bb7c29370009b4b779ed93fe57d5f0"
  dependencies:
    esutils "^2.0.2"
    lodash "^4.17.11"
    to-fast-properties "^2.0.0"

ansi-styles@^3.1.0:
  version "3.2.0"
  resolved "https://registry.yarnpkg.com/ansi-styles/-/ansi-styles-3.2.0.tgz#c159b8d5be0f9e5a6f346dab94f16ce022161b88"
  dependencies:
    color-convert "^1.9.0"

babel-eslint@^9.0.0:
  version "9.0.0"
  resolved "https://registry.yarnpkg.com/babel-eslint/-/babel-eslint-9.0.0.tgz#7d9445f81ed9f60aff38115f838970df9f2b6220"
  dependencies:
    "@babel/code-frame" "^7.0.0"
    "@babel/parser" "^7.0.0"
    "@babel/traverse" "^7.0.0"
    "@babel/types" "^7.0.0"
    eslint-scope "3.7.1"
    eslint-visitor-keys "^1.0.0"

chalk@^2.0.0:
  version "2.1.0"
  resolved "https://registry.yarnpkg.com/chalk/-/chalk-2.1.0.tgz#ac5becf14fa21b99c6c92ca7a7d7cfd5b17e743e"
  dependencies:
    ansi-styles "^3.1.0"
    escape-string-regexp "^1.0.5"
    supports-color "^4.0.0"

color-convert@^1.9.0:
  version "1.9.0"
  resolved "https://registry.yarnpkg.com/color-convert/-/color-convert-1.9.0.tgz#1accf97dd739b983bf994d56fec8f95853641b7a"
  dependencies:
    color-name "^1.1.1"

color-name@^1.1.1:
  version "1.1.3"
  resolved "https://registry.yarnpkg.com/color-name/-/color-name-1.1.3.tgz#a7d0558bd89c42f795dd42328f740831ca53bc25"

debug@^4.1.0:
  version "4.1.1"
  resolved "https://registry.yarnpkg.com/debug/-/debug-4.1.1.tgz#3b72260255109c6b589cee050f1d516139664791"
  dependencies:
    ms "^2.1.1"

escape-string-regexp@^1.0.5:
  version "1.0.5"
  resolved "https://registry.yarnpkg.com/escape-string-regexp/-/escape-string-regexp-1.0.5.tgz#1b61c0562190a8dff6ae3bb2cf0200ca130b86d4"

eslint-plugin-formatting@0.0.4:
  version "0.0.4"
  resolved "https://registry.yarnpkg.com/eslint-plugin-formatting/-/eslint-plugin-formatting-0.0.4.tgz#0e9b0fb478f6890c2e460c669698411d922ddd44"

eslint-scope@3.7.1:
  version "3.7.1"
  resolved "https://registry.yarnpkg.com/eslint-scope/-/eslint-scope-3.7.1.tgz#3d63c3edfda02e06e01a452ad88caacc7cdcb6e8"
  dependencies:
    esrecurse "^4.1.0"
    estraverse "^4.1.1"

eslint-visitor-keys@^1.0.0:
  version "1.0.0"
  resolved "https://registry.yarnpkg.com/eslint-visitor-keys/-/eslint-visitor-keys-1.0.0.tgz#3f3180fb2e291017716acb4c9d6d5b5c34a6a81d"

esrecurse@^4.1.0:
  version "4.2.1"
  resolved "https://registry.yarnpkg.com/esrecurse/-/esrecurse-4.2.1.tgz#007a3b9fdbc2b3bb87e4879ea19c92fdbd3942cf"
  dependencies:
    estraverse "^4.1.0"

estraverse@^4.1.0, estraverse@^4.1.1:
  version "4.2.0"
  resolved "https://registry.yarnpkg.com/estraverse/-/estraverse-4.2.0.tgz#0dee3fed31fcd469618ce7342099fc1afa0bdb13"

esutils@^2.0.2:
  version "2.0.2"
  resolved "https://registry.yarnpkg.com/esutils/-/esutils-2.0.2.tgz#0abf4f1caa5bcb1f7a9d8acc6dea4faaa04bac9b"

globals@^11.1.0:
  version "11.12.0"
  resolved "https://registry.yarnpkg.com/globals/-/globals-11.12.0.tgz#ab8795338868a0babd8525758018c2a7eb95c42e"

has-flag@^2.0.0:
  version "2.0.0"
  resolved "https://registry.yarnpkg.com/has-flag/-/has-flag-2.0.0.tgz#e8207af1cc7b30d446cc70b734b5e8be18f88d51"

js-tokens@^4.0.0:
  version "4.0.0"
  resolved "https://registry.yarnpkg.com/js-tokens/-/js-tokens-4.0.0.tgz#19203fb59991df98e3a287050d4647cdeaf32499"

jsesc@^2.5.1:
  version "2.5.2"
  resolved "https://registry.yarnpkg.com/jsesc/-/jsesc-2.5.2.tgz#80564d2e483dacf6e8ef209650a67df3f0c283a4"

lodash@^4.17.11:
  version "4.17.11"
  resolved "https://registry.yarnpkg.com/lodash/-/lodash-4.17.11.tgz#b39ea6229ef607ecd89e2c8df12536891cac9b8d"

ms@^2.1.1:
  version "2.1.2"
  resolved "https://registry.yarnpkg.com/ms/-/ms-2.1.2.tgz#d09d1f357b443f493382a8eb3ccd183872ae6009"

source-map@^0.5.0:
  version "0.5.7"
  resolved "https://registry.yarnpkg.com/source-map/-/source-map-0.5.7.tgz#8a039d2d1021d22d1ea14c80d8ea468ba2ef3fcc"

supports-color@^4.0.0:
  version "4.4.0"
  resolved "https://registry.yarnpkg.com/supports-color/-/supports-color-4.4.0.tgz#883f7ddabc165142b2a61427f3352ded195d1a3e"
  dependencies:
    has-flag "^2.0.0"

to-fast-properties@^2.0.0:
  version "2.0.0"
  resolved "https://registry.yarnpkg.com/to-fast-properties/-/to-fast-properties-2.0.0.tgz#dc5e698cbd079265bc73e0377681a4e4e83f616e"

trim-right@^1.0.1:
  version "1.0.1"
  resolved "https://registry.yarnpkg.com/trim-right/-/trim-right-1.0.1.tgz#cb2e1203067e0c8de1f614094b9fe45704ea6003"
