# THIS IS AN AUTOGENERATED FILE. DO NOT EDIT THIS FILE DIRECTLY.
# yarn lockfile v1


ansi-styles@^3.1.0:
  version "3.2.0"
  resolved "https://registry.yarnpkg.com/ansi-styles/-/ansi-styles-3.2.0.tgz#c159b8d5be0f9e5a6f346dab94f16ce022161b88"
  dependencies:
    color-convert "^1.9.0"

babel-code-frame@7.0.0-beta.0:
  version "7.0.0-beta.0"
  resolved "https://registry.yarnpkg.com/babel-code-frame/-/babel-code-frame-7.0.0-beta.0.tgz#418a7b5f3f7dc9a4670e61b1158b4c5661bec98d"
  dependencies:
    chalk "^2.0.0"
    esutils "^2.0.2"
    js-tokens "^3.0.0"

babel-eslint@^8.0.0:
  version "8.0.0"
  resolved "https://registry.yarnpkg.com/babel-eslint/-/babel-eslint-8.0.0.tgz#ce06f385bdfb5b6d7e603f06222f891abd14c240"
  dependencies:
    babel-code-frame "7.0.0-beta.0"
    babel-traverse "7.0.0-beta.0"
    babel-types "7.0.0-beta.0"
    babylon "7.0.0-beta.22"

babel-helper-function-name@7.0.0-beta.0:
  version "7.0.0-beta.0"
  resolved "https://registry.yarnpkg.com/babel-helper-function-name/-/babel-helper-function-name-7.0.0-beta.0.tgz#d1b6779b647e5c5c31ebeb05e13b998e4d352d56"
  dependencies:
    babel-helper-get-function-arity "7.0.0-beta.0"
    babel-template "7.0.0-beta.0"
    babel-traverse "7.0.0-beta.0"
    babel-types "7.0.0-beta.0"

babel-helper-get-function-arity@7.0.0-beta.0:
  version "7.0.0-beta.0"
  resolved "https://registry.yarnpkg.com/babel-helper-get-function-arity/-/babel-helper-get-function-arity-7.0.0-beta.0.tgz#9d1ab7213bb5efe1ef1638a8ea1489969b5a8b6e"
  dependencies:
    babel-types "7.0.0-beta.0"

babel-messages@7.0.0-beta.0:
  version "7.0.0-beta.0"
  resolved "https://registry.yarnpkg.com/babel-messages/-/babel-messages-7.0.0-beta.0.tgz#6df01296e49fc8fbd0637394326a167f36da817b"

babel-template@7.0.0-beta.0:
  version "7.0.0-beta.0"
  resolved "https://registry.yarnpkg.com/babel-template/-/babel-template-7.0.0-beta.0.tgz#85083cf9e4395d5e48bf5154d7a8d6991cafecfb"
  dependencies:
    babel-traverse "7.0.0-beta.0"
    babel-types "7.0.0-beta.0"
    babylon "7.0.0-beta.22"
    lodash "^4.2.0"

babel-traverse@7.0.0-beta.0:
  version "7.0.0-beta.0"
  resolved "https://registry.yarnpkg.com/babel-traverse/-/babel-traverse-7.0.0-beta.0.tgz#da14be9b762f62a2f060db464eaafdd8cd072a41"
  dependencies:
    babel-code-frame "7.0.0-beta.0"
    babel-helper-function-name "7.0.0-beta.0"
    babel-messages "7.0.0-beta.0"
    babel-types "7.0.0-beta.0"
    babylon "7.0.0-beta.22"
    debug "^3.0.1"
    globals "^10.0.0"
    invariant "^2.2.0"
    lodash "^4.2.0"

babel-types@7.0.0-beta.0:
  version "7.0.0-beta.0"
  resolved "https://registry.yarnpkg.com/babel-types/-/babel-types-7.0.0-beta.0.tgz#eb8b6e556470e6dcc4aef982d79ad229469b5169"
  dependencies:
    esutils "^2.0.2"
    lodash "^4.2.0"
    to-fast-properties "^2.0.0"

babylon@7.0.0-beta.22:
  version "7.0.0-beta.22"
  resolved "https://registry.yarnpkg.com/babylon/-/babylon-7.0.0-beta.22.tgz#74f0ad82ed7c7c3cfeab74cf684f815104161b65"

chalk@^2.0.0:
  version "2.1.0"
  resolved "https://registry.yarnpkg.com/chalk/-/chalk-2.1.0.tgz#ac5becf14fa21b99c6c92ca7a7d7cfd5b17e743e"
  dependencies:
    ansi-styles "^3.1.0"
    escape-string-regexp "^1.0.5"
    supports-color "^4.0.0"

color-convert@^1.9.0:
  version "1.9.0"
  resolved "https://registry.yarnpkg.com/color-convert/-/color-convert-1.9.0.tgz#1accf97dd739b983bf994d56fec8f95853641b7a"
  dependencies:
    color-name "^1.1.1"

color-name@^1.1.1:
  version "1.1.3"
  resolved "https://registry.yarnpkg.com/color-name/-/color-name-1.1.3.tgz#a7d0558bd89c42f795dd42328f740831ca53bc25"

debug@^3.0.1:
  version "3.2.6"
  resolved "https://registry.yarnpkg.com/debug/-/debug-3.2.6.tgz#e83d17de16d8a7efb7717edbe5fb10135eee629b"
  dependencies:
    ms "^2.1.1"

escape-string-regexp@^1.0.5:
  version "1.0.5"
  resolved "https://registry.yarnpkg.com/escape-string-regexp/-/escape-string-regexp-1.0.5.tgz#1b61c0562190a8dff6ae3bb2cf0200ca130b86d4"

eslint-plugin-formatting@0.0.4:
  version "0.0.4"
  resolved "https://registry.yarnpkg.com/eslint-plugin-formatting/-/eslint-plugin-formatting-0.0.4.tgz#0e9b0fb478f6890c2e460c669698411d922ddd44"

esutils@^2.0.2:
  version "2.0.2"
  resolved "https://registry.yarnpkg.com/esutils/-/esutils-2.0.2.tgz#0abf4f1caa5bcb1f7a9d8acc6dea4faaa04bac9b"

globals@^10.0.0:
  version "10.1.0"
  resolved "https://registry.yarnpkg.com/globals/-/globals-10.1.0.tgz#4425a1881be0d336b4a823a82a7be725d5dd987c"

has-flag@^2.0.0:
  version "2.0.0"
  resolved "https://registry.yarnpkg.com/has-flag/-/has-flag-2.0.0.tgz#e8207af1cc7b30d446cc70b734b5e8be18f88d51"

invariant@^2.2.0:
  version "2.2.2"
  resolved "https://registry.yarnpkg.com/invariant/-/invariant-2.2.2.tgz#9e1f56ac0acdb6bf303306f338be3b204ae60360"
  dependencies:
    loose-envify "^1.0.0"

js-tokens@^3.0.0:
  version "3.0.2"
  resolved "https://registry.yarnpkg.com/js-tokens/-/js-tokens-3.0.2.tgz#9866df395102130e38f7f996bceb65443209c25b"

lodash@^4.2.0:
  version "4.17.11"
  resolved "https://registry.yarnpkg.com/lodash/-/lodash-4.17.11.tgz#b39ea6229ef607ecd89e2c8df12536891cac9b8d"

loose-envify@^1.0.0:
  version "1.3.1"
  resolved "https://registry.yarnpkg.com/loose-envify/-/loose-envify-1.3.1.tgz#d1a8ad33fa9ce0e713d65fdd0ac8b748d478c848"
  dependencies:
    js-tokens "^3.0.0"

ms@^2.1.1:
  version "2.1.2"
  resolved "https://registry.yarnpkg.com/ms/-/ms-2.1.2.tgz#d09d1f357b443f493382a8eb3ccd183872ae6009"

supports-color@^4.0.0:
  version "4.4.0"
  resolved "https://registry.yarnpkg.com/supports-color/-/supports-color-4.4.0.tgz#883f7ddabc165142b2a61427f3352ded195d1a3e"
  dependencies:
    has-flag "^2.0.0"

to-fast-properties@^2.0.0:
  version "2.0.0"
  resolved "https://registry.yarnpkg.com/to-fast-properties/-/to-fast-properties-2.0.0.tgz#dc5e698cbd079265bc73e0377681a4e4e83f616e"
